
Microsoft Visual Studio Solution File, Format Version 12.00
# Visual Studio Version 17
VisualStudioVersion = 17.8.34408.163
MinimumVisualStudioVersion = 10.0.40219.1
Project("{FAE04EC0-301F-11D3-BF4B-00C04F79EFBC}") = "MedicalScanWebApp", "MedicalScanWebApp.csproj", "{9767845A-01C1-4409-9EF1-CF709B5428B1}"
EndProject
Global
	GlobalSection(SolutionConfigurationPlatforms) = preSolution
		Debug|Any CPU = Debug|Any CPU
		Release|Any CPU = Release|Any CPU
	EndGlobalSection
	GlobalSection(ProjectConfigurationPlatforms) = postSolution
		{9767845A-01C1-4409-9EF1-CF709B5428B1}.Debug|Any CPU.ActiveCfg = Debug|Any CPU
		{9767845A-01C1-4409-9EF1-CF709B5428B1}.Debug|Any CPU.Build.0 = Debug|Any CPU
		{9767845A-01C1-4409-9EF1-CF709B5428B1}.Release|Any CPU.ActiveCfg = Release|Any CPU
		{9767845A-01C1-4409-9EF1-CF709B5428B1}.Release|Any CPU.Build.0 = Release|Any CPU
	EndGlobalSection
	GlobalSection(SolutionProperties) = preSolution
		HideSolutionNode = FALSE
	EndGlobalSection
	GlobalSection(ExtensibilityGlobals) = postSolution
		SolutionGuid = {F0F8E016-C635-4AE5-850F-A58F50AB8E98}
	EndGlobalSection
EndGlobal
